
Microsoft Visual Studio Solution File, Format Version 12.00
# Visual Studio Version 17
VisualStudioVersion = 17.13.35806.99 d17.13
MinimumVisualStudioVersion = 10.0.40219.1
Project("{FAE04EC0-301F-11D3-BF4B-00C04F79EFBC}") = "InventoryProject - HttpClient", "InventoryProject - HttpClient\InventoryProject - HttpClient.csproj", "{52551B05-0384-46B0-A8C8-9B16952B4CA2}"
EndProject
Global
	GlobalSection(SolutionConfigurationPlatforms) = preSolution
		Debug|Any CPU = Debug|Any CPU
		Release|Any CPU = Release|Any CPU
	EndGlobalSection
	GlobalSection(ProjectConfigurationPlatforms) = postSolution
		{52551B05-0384-46B0-A8C8-9B16952B4CA2}.Debug|Any CPU.ActiveCfg = Debug|Any CPU
		{52551B05-0384-46B0-A8C8-9B16952B4CA2}.Debug|Any CPU.Build.0 = Debug|Any CPU
		{52551B05-0384-46B0-A8C8-9B16952B4CA2}.Release|Any CPU.ActiveCfg = Release|Any CPU
		{52551B05-0384-46B0-A8C8-9B16952B4CA2}.Release|Any CPU.Build.0 = Release|Any CPU
	EndGlobalSection
	GlobalSection(SolutionProperties) = preSolution
		HideSolutionNode = FALSE
	EndGlobalSection
	GlobalSection(ExtensibilityGlobals) = postSolution
		SolutionGuid = {F0B7E6C6-8CB4-4DF8-BC04-5A4DC6B3E78A}
	EndGlobalSection
EndGlobal
